schema: '2.0'
stages:
  download:
    cmd: src/1_download.sh
    deps:
    - path: src/1_download.sh
      hash: md5
      md5: 27b51fce5ebc390006a710fc710a564a
      size: 449
    outs:
    - path: download
      hash: md5
      md5: 11050439ebd0a1ca24144668af3d03be.dir
      size: 417326199
      nfiles: 1
  build:
    cmd: Rscript src/2_build.R
    deps:
    - path: download
      hash: md5
      md5: 11050439ebd0a1ca24144668af3d03be.dir
      size: 417326199
      nfiles: 1
    - path: src/2_build.R
      hash: md5
      md5: 974a5aef2c12a19e274e44d2aae87754
      size: 305
    outs:
    - path: brick/bindingdb.parquet
      hash: md5
      md5: e0a70f9b08c5bff091db4abcf0a316bd.dir
      size: 352999644
      nfiles: 3
